
Microsoft Visual Studio Solution File, Format Version 12.00
# Visual Studio 15
VisualStudioVersion = 15.0.27130.2024
MinimumVisualStudioVersion = 10.0.40219.1
Project("{2150E333-8FDC-42A3-9474-1A3956D46DE8}") = "Src", "Src", "{444557E5-6679-47FD-950D-7239BF803847}"
EndProject
Project("{FAE04EC0-301F-11D3-BF4B-00C04F79EFBC}") = "Kina.Mobile.Core", "Kina.Mobile\Kina.Mobile.Core\Kina.Mobile.Core.csproj", "{AC0553F2-AF1E-49D3-AB59-1D75CC2A244E}"
EndProject
Project("{FAE04EC0-301F-11D3-BF4B-00C04F79EFBC}") = "Kina.Mobile.Droid", "Kina.Mobile\Kina.Mobile.Droid\Kina.Mobile.Droid.csproj", "{43D7D4AD-B730-41C7-BFC3-37EF5F03AF26}"
EndProject
Project("{FAE04EC0-301F-11D3-BF4B-00C04F79EFBC}") = "Kina.Mobile.iOS", "Kina.Mobile\Kina.Mobile.iOS\Kina.Mobile.iOS.csproj", "{48E3D171-0863-41F5-8E19-6F60D7B871FF}"
EndProject
Project("{FAE04EC0-301F-11D3-BF4B-00C04F79EFBC}") = "Kina.Mobile.UWP", "Kina.Mobile\Kina.Mobile.UWP\Kina.Mobile.UWP.csproj", "{D437D40C-0207-43BF-9461-BF3DE3FC9154}"
EndProject
Project("{2150E333-8FDC-42A3-9474-1A3956D46DE8}") = "Tests", "Tests", "{AD9F3CE7-FDD4-4EA0-AE19-E176BFBDA9BD}"
EndProject
Project("{FAE04EC0-301F-11D3-BF4B-00C04F79EFBC}") = "Kina.Mobile.UITests", "Kina.Mobile\Kina.Mobile.UITests\Kina.Mobile.UITests.csproj", "{41F2B181-23FD-4B84-967E-7AC0E2ACDE5A}"
EndProject
Project("{FAE04EC0-301F-11D3-BF4B-00C04F79EFBC}") = "Kina.Mobile.UnitTests", "Kina.Mobile\Kina.Mobile.UnitTests\Kina.Mobile.UnitTests.csproj", "{F52225DF-DBBB-4D33-B7EE-6BD79F743D4C}"
EndProject
Project("{FAE04EC0-301F-11D3-BF4B-00C04F79EFBC}") = "Kina.Mobile.DataProvider", "Kina.Mobile.DataProvider\Kina.Mobile.DataProvider.csproj", "{41E7110A-4EC2-4E0F-90AB-1EFACA852844}"
EndProject
Global
	GlobalSection(SolutionConfigurationPlatforms) = preSolution
		Ad-Hoc|Any CPU = Ad-Hoc|Any CPU
		Ad-Hoc|ARM = Ad-Hoc|ARM
		Ad-Hoc|iPhone = Ad-Hoc|iPhone
		Ad-Hoc|iPhoneSimulator = Ad-Hoc|iPhoneSimulator
		Ad-Hoc|x64 = Ad-Hoc|x64
		Ad-Hoc|x86 = Ad-Hoc|x86
		AppStore|Any CPU = AppStore|Any CPU
		AppStore|ARM = AppStore|ARM
		AppStore|iPhone = AppStore|iPhone
		AppStore|iPhoneSimulator = AppStore|iPhoneSimulator
		AppStore|x64 = AppStore|x64
		AppStore|x86 = AppStore|x86
		Debug|Any CPU = Debug|Any CPU
		Debug|ARM = Debug|ARM
		Debug|iPhone = Debug|iPhone
		Debug|iPhoneSimulator = Debug|iPhoneSimulator
		Debug|x64 = Debug|x64
		Debug|x86 = Debug|x86
		Release|Any CPU = Release|Any CPU
		Release|ARM = Release|ARM
		Release|iPhone = Release|iPhone
		Release|iPhoneSimulator = Release|iPhoneSimulator
		Release|x64 = Release|x64
		Release|x86 = Release|x86
	EndGlobalSection
	GlobalSection(ProjectConfigurationPlatforms) = postSolution
		{AC0553F2-AF1E-49D3-AB59-1D75CC2A244E}.Ad-Hoc|Any CPU.ActiveCfg = Release|Any CPU
		{AC0553F2-AF1E-49D3-AB59-1D75CC2A244E}.Ad-Hoc|Any CPU.Build.0 = Release|Any CPU
		{AC0553F2-AF1E-49D3-AB59-1D75CC2A244E}.Ad-Hoc|ARM.ActiveCfg = Release|Any CPU
		{AC0553F2-AF1E-49D3-AB59-1D75CC2A244E}.Ad-Hoc|ARM.Build.0 = Release|Any CPU
		{AC0553F2-AF1E-49D3-AB59-1D75CC2A244E}.Ad-Hoc|iPhone.ActiveCfg = Release|Any CPU
		{AC0553F2-AF1E-49D3-AB59-1D75CC2A244E}.Ad-Hoc|iPhone.Build.0 = Release|Any CPU
		{AC0553F2-AF1E-49D3-AB59-1D75CC2A244E}.Ad-Hoc|iPhoneSimulator.ActiveCfg = Release|Any CPU
		{AC0553F2-AF1E-49D3-AB59-1D75CC2A244E}.Ad-Hoc|iPhoneSimulator.Build.0 = Release|Any CPU
		{AC0553F2-AF1E-49D3-AB59-1D75CC2A244E}.Ad-Hoc|x64.ActiveCfg = Release|Any CPU
		{AC0553F2-AF1E-49D3-AB59-1D75CC2A244E}.Ad-Hoc|x64.Build.0 = Release|Any CPU
		{AC0553F2-AF1E-49D3-AB59-1D75CC2A244E}.Ad-Hoc|x86.ActiveCfg = Release|Any CPU
		{AC0553F2-AF1E-49D3-AB59-1D75CC2A244E}.Ad-Hoc|x86.Build.0 = Release|Any CPU
		{AC0553F2-AF1E-49D3-AB59-1D75CC2A244E}.AppStore|Any CPU.ActiveCfg = Release|Any CPU
		{AC0553F2-AF1E-49D3-AB59-1D75CC2A244E}.AppStore|Any CPU.Build.0 = Release|Any CPU
		{AC0553F2-AF1E-49D3-AB59-1D75CC2A244E}.AppStore|ARM.ActiveCfg = Release|Any CPU
		{AC0553F2-AF1E-49D3-AB59-1D75CC2A244E}.AppStore|ARM.Build.0 = Release|Any CPU
		{AC0553F2-AF1E-49D3-AB59-1D75CC2A244E}.AppStore|iPhone.ActiveCfg = Release|Any CPU
		{AC0553F2-AF1E-49D3-AB59-1D75CC2A244E}.AppStore|iPhone.Build.0 = Release|Any CPU
		{AC0553F2-AF1E-49D3-AB59-1D75CC2A244E}.AppStore|iPhoneSimulator.ActiveCfg = Release|Any CPU
		{AC0553F2-AF1E-49D3-AB59-1D75CC2A244E}.AppStore|iPhoneSimulator.Build.0 = Release|Any CPU
		{AC0553F2-AF1E-49D3-AB59-1D75CC2A244E}.AppStore|x64.ActiveCfg = Release|Any CPU
		{AC0553F2-AF1E-49D3-AB59-1D75CC2A244E}.AppStore|x64.Build.0 = Release|Any CPU
		{AC0553F2-AF1E-49D3-AB59-1D75CC2A244E}.AppStore|x86.ActiveCfg = Release|Any CPU
		{AC0553F2-AF1E-49D3-AB59-1D75CC2A244E}.AppStore|x86.Build.0 = Release|Any CPU
		{AC0553F2-AF1E-49D3-AB59-1D75CC2A244E}.Debug|Any CPU.ActiveCfg = Debug|Any CPU
		{AC0553F2-AF1E-49D3-AB59-1D75CC2A244E}.Debug|Any CPU.Build.0 = Debug|Any CPU
		{AC0553F2-AF1E-49D3-AB59-1D75CC2A244E}.Debug|ARM.ActiveCfg = Debug|Any CPU
		{AC0553F2-AF1E-49D3-AB59-1D75CC2A244E}.Debug|ARM.Build.0 = Debug|Any CPU
		{AC0553F2-AF1E-49D3-AB59-1D75CC2A244E}.Debug|iPhone.ActiveCfg = Debug|Any CPU
		{AC0553F2-AF1E-49D3-AB59-1D75CC2A244E}.Debug|iPhone.Build.0 = Debug|Any CPU
		{AC0553F2-AF1E-49D3-AB59-1D75CC2A244E}.Debug|iPhoneSimulator.ActiveCfg = Debug|Any CPU
		{AC0553F2-AF1E-49D3-AB59-1D75CC2A244E}.Debug|iPhoneSimulator.Build.0 = Debug|Any CPU
		{AC0553F2-AF1E-49D3-AB59-1D75CC2A244E}.Debug|x64.ActiveCfg = Debug|Any CPU
		{AC0553F2-AF1E-49D3-AB59-1D75CC2A244E}.Debug|x64.Build.0 = Debug|Any CPU
		{AC0553F2-AF1E-49D3-AB59-1D75CC2A244E}.Debug|x86.ActiveCfg = Debug|Any CPU
		{AC0553F2-AF1E-49D3-AB59-1D75CC2A244E}.Debug|x86.Build.0 = Debug|Any CPU
		{AC0553F2-AF1E-49D3-AB59-1D75CC2A244E}.Release|Any CPU.ActiveCfg = Release|Any CPU
		{AC0553F2-AF1E-49D3-AB59-1D75CC2A244E}.Release|Any CPU.Build.0 = Release|Any CPU
		{AC0553F2-AF1E-49D3-AB59-1D75CC2A244E}.Release|ARM.ActiveCfg = Release|Any CPU
		{AC0553F2-AF1E-49D3-AB59-1D75CC2A244E}.Release|ARM.Build.0 = Release|Any CPU
		{AC0553F2-AF1E-49D3-AB59-1D75CC2A244E}.Release|iPhone.ActiveCfg = Release|Any CPU
		{AC0553F2-AF1E-49D3-AB59-1D75CC2A244E}.Release|iPhone.Build.0 = Release|Any CPU
		{AC0553F2-AF1E-49D3-AB59-1D75CC2A244E}.Release|iPhoneSimulator.ActiveCfg = Release|Any CPU
		{AC0553F2-AF1E-49D3-AB59-1D75CC2A244E}.Release|iPhoneSimulator.Build.0 = Release|Any CPU
		{AC0553F2-AF1E-49D3-AB59-1D75CC2A244E}.Release|x64.ActiveCfg = Release|Any CPU
		{AC0553F2-AF1E-49D3-AB59-1D75CC2A244E}.Release|x64.Build.0 = Release|Any CPU
		{AC0553F2-AF1E-49D3-AB59-1D75CC2A244E}.Release|x86.ActiveCfg = Release|Any CPU
		{AC0553F2-AF1E-49D3-AB59-1D75CC2A244E}.Release|x86.Build.0 = Release|Any CPU
		{43D7D4AD-B730-41C7-BFC3-37EF5F03AF26}.Ad-Hoc|Any CPU.ActiveCfg = Release|Any CPU
		{43D7D4AD-B730-41C7-BFC3-37EF5F03AF26}.Ad-Hoc|Any CPU.Build.0 = Release|Any CPU
		{43D7D4AD-B730-41C7-BFC3-37EF5F03AF26}.Ad-Hoc|Any CPU.Deploy.0 = Release|Any CPU
		{43D7D4AD-B730-41C7-BFC3-37EF5F03AF26}.Ad-Hoc|ARM.ActiveCfg = Release|Any CPU
		{43D7D4AD-B730-41C7-BFC3-37EF5F03AF26}.Ad-Hoc|ARM.Build.0 = Release|Any CPU
		{43D7D4AD-B730-41C7-BFC3-37EF5F03AF26}.Ad-Hoc|ARM.Deploy.0 = Release|Any CPU
		{43D7D4AD-B730-41C7-BFC3-37EF5F03AF26}.Ad-Hoc|iPhone.ActiveCfg = Release|Any CPU
		{43D7D4AD-B730-41C7-BFC3-37EF5F03AF26}.Ad-Hoc|iPhone.Build.0 = Release|Any CPU
		{43D7D4AD-B730-41C7-BFC3-37EF5F03AF26}.Ad-Hoc|iPhone.Deploy.0 = Release|Any CPU
		{43D7D4AD-B730-41C7-BFC3-37EF5F03AF26}.Ad-Hoc|iPhoneSimulator.ActiveCfg = Release|Any CPU
		{43D7D4AD-B730-41C7-BFC3-37EF5F03AF26}.Ad-Hoc|iPhoneSimulator.Build.0 = Release|Any CPU
		{43D7D4AD-B730-41C7-BFC3-37EF5F03AF26}.Ad-Hoc|iPhoneSimulator.Deploy.0 = Release|Any CPU
		{43D7D4AD-B730-41C7-BFC3-37EF5F03AF26}.Ad-Hoc|x64.ActiveCfg = Release|Any CPU
		{43D7D4AD-B730-41C7-BFC3-37EF5F03AF26}.Ad-Hoc|x64.Build.0 = Release|Any CPU
		{43D7D4AD-B730-41C7-BFC3-37EF5F03AF26}.Ad-Hoc|x64.Deploy.0 = Release|Any CPU
		{43D7D4AD-B730-41C7-BFC3-37EF5F03AF26}.Ad-Hoc|x86.ActiveCfg = Release|Any CPU
		{43D7D4AD-B730-41C7-BFC3-37EF5F03AF26}.Ad-Hoc|x86.Build.0 = Release|Any CPU
		{43D7D4AD-B730-41C7-BFC3-37EF5F03AF26}.Ad-Hoc|x86.Deploy.0 = Release|Any CPU
		{43D7D4AD-B730-41C7-BFC3-37EF5F03AF26}.AppStore|Any CPU.ActiveCfg = Release|Any CPU
		{43D7D4AD-B730-41C7-BFC3-37EF5F03AF26}.AppStore|Any CPU.Build.0 = Release|Any CPU
		{43D7D4AD-B730-41C7-BFC3-37EF5F03AF26}.AppStore|Any CPU.Deploy.0 = Release|Any CPU
		{43D7D4AD-B730-41C7-BFC3-37EF5F03AF26}.AppStore|ARM.ActiveCfg = Release|Any CPU
		{43D7D4AD-B730-41C7-BFC3-37EF5F03AF26}.AppStore|ARM.Build.0 = Release|Any CPU
		{43D7D4AD-B730-41C7-BFC3-37EF5F03AF26}.AppStore|ARM.Deploy.0 = Release|Any CPU
		{43D7D4AD-B730-41C7-BFC3-37EF5F03AF26}.AppStore|iPhone.ActiveCfg = Release|Any CPU
		{43D7D4AD-B730-41C7-BFC3-37EF5F03AF26}.AppStore|iPhone.Build.0 = Release|Any CPU
		{43D7D4AD-B730-41C7-BFC3-37EF5F03AF26}.AppStore|iPhone.Deploy.0 = Release|Any CPU
		{43D7D4AD-B730-41C7-BFC3-37EF5F03AF26}.AppStore|iPhoneSimulator.ActiveCfg = Release|Any CPU
		{43D7D4AD-B730-41C7-BFC3-37EF5F03AF26}.AppStore|iPhoneSimulator.Build.0 = Release|Any CPU
		{43D7D4AD-B730-41C7-BFC3-37EF5F03AF26}.AppStore|iPhoneSimulator.Deploy.0 = Release|Any CPU
		{43D7D4AD-B730-41C7-BFC3-37EF5F03AF26}.AppStore|x64.ActiveCfg = Release|Any CPU
		{43D7D4AD-B730-41C7-BFC3-37EF5F03AF26}.AppStore|x64.Build.0 = Release|Any CPU
		{43D7D4AD-B730-41C7-BFC3-37EF5F03AF26}.AppStore|x64.Deploy.0 = Release|Any CPU
		{43D7D4AD-B730-41C7-BFC3-37EF5F03AF26}.AppStore|x86.ActiveCfg = Release|Any CPU
		{43D7D4AD-B730-41C7-BFC3-37EF5F03AF26}.AppStore|x86.Build.0 = Release|Any CPU
		{43D7D4AD-B730-41C7-BFC3-37EF5F03AF26}.AppStore|x86.Deploy.0 = Release|Any CPU
		{43D7D4AD-B730-41C7-BFC3-37EF5F03AF26}.Debug|Any CPU.ActiveCfg = Debug|Any CPU
		{43D7D4AD-B730-41C7-BFC3-37EF5F03AF26}.Debug|Any CPU.Build.0 = Debug|Any CPU
		{43D7D4AD-B730-41C7-BFC3-37EF5F03AF26}.Debug|Any CPU.Deploy.0 = Debug|Any CPU
		{43D7D4AD-B730-41C7-BFC3-37EF5F03AF26}.Debug|ARM.ActiveCfg = Debug|Any CPU
		{43D7D4AD-B730-41C7-BFC3-37EF5F03AF26}.Debug|ARM.Build.0 = Debug|Any CPU
		{43D7D4AD-B730-41C7-BFC3-37EF5F03AF26}.Debug|ARM.Deploy.0 = Debug|Any CPU
		{43D7D4AD-B730-41C7-BFC3-37EF5F03AF26}.Debug|iPhone.ActiveCfg = Debug|Any CPU
		{43D7D4AD-B730-41C7-BFC3-37EF5F03AF26}.Debug|iPhone.Build.0 = Debug|Any CPU
		{43D7D4AD-B730-41C7-BFC3-37EF5F03AF26}.Debug|iPhone.Deploy.0 = Debug|Any CPU
		{43D7D4AD-B730-41C7-BFC3-37EF5F03AF26}.Debug|iPhoneSimulator.ActiveCfg = Debug|Any CPU
		{43D7D4AD-B730-41C7-BFC3-37EF5F03AF26}.Debug|iPhoneSimulator.Build.0 = Debug|Any CPU
		{43D7D4AD-B730-41C7-BFC3-37EF5F03AF26}.Debug|iPhoneSimulator.Deploy.0 = Debug|Any CPU
		{43D7D4AD-B730-41C7-BFC3-37EF5F03AF26}.Debug|x64.ActiveCfg = Debug|Any CPU
		{43D7D4AD-B730-41C7-BFC3-37EF5F03AF26}.Debug|x64.Build.0 = Debug|Any CPU
		{43D7D4AD-B730-41C7-BFC3-37EF5F03AF26}.Debug|x64.Deploy.0 = Debug|Any CPU
		{43D7D4AD-B730-41C7-BFC3-37EF5F03AF26}.Debug|x86.ActiveCfg = Debug|Any CPU
		{43D7D4AD-B730-41C7-BFC3-37EF5F03AF26}.Debug|x86.Build.0 = Debug|Any CPU
		{43D7D4AD-B730-41C7-BFC3-37EF5F03AF26}.Debug|x86.Deploy.0 = Debug|Any CPU
		{43D7D4AD-B730-41C7-BFC3-37EF5F03AF26}.Release|Any CPU.ActiveCfg = Release|Any CPU
		{43D7D4AD-B730-41C7-BFC3-37EF5F03AF26}.Release|Any CPU.Build.0 = Release|Any CPU
		{43D7D4AD-B730-41C7-BFC3-37EF5F03AF26}.Release|Any CPU.Deploy.0 = Release|Any CPU
		{43D7D4AD-B730-41C7-BFC3-37EF5F03AF26}.Release|ARM.ActiveCfg = Release|Any CPU
		{43D7D4AD-B730-41C7-BFC3-37EF5F03AF26}.Release|ARM.Build.0 = Release|Any CPU
		{43D7D4AD-B730-41C7-BFC3-37EF5F03AF26}.Release|ARM.Deploy.0 = Release|Any CPU
		{43D7D4AD-B730-41C7-BFC3-37EF5F03AF26}.Release|iPhone.ActiveCfg = Release|Any CPU
		{43D7D4AD-B730-41C7-BFC3-37EF5F03AF26}.Release|iPhone.Build.0 = Release|Any CPU
		{43D7D4AD-B730-41C7-BFC3-37EF5F03AF26}.Release|iPhone.Deploy.0 = Release|Any CPU
		{43D7D4AD-B730-41C7-BFC3-37EF5F03AF26}.Release|iPhoneSimulator.ActiveCfg = Release|Any CPU
		{43D7D4AD-B730-41C7-BFC3-37EF5F03AF26}.Release|iPhoneSimulator.Build.0 = Release|Any CPU
		{43D7D4AD-B730-41C7-BFC3-37EF5F03AF26}.Release|iPhoneSimulator.Deploy.0 = Release|Any CPU
		{43D7D4AD-B730-41C7-BFC3-37EF5F03AF26}.Release|x64.ActiveCfg = Release|Any CPU
		{43D7D4AD-B730-41C7-BFC3-37EF5F03AF26}.Release|x64.Build.0 = Release|Any CPU
		{43D7D4AD-B730-41C7-BFC3-37EF5F03AF26}.Release|x64.Deploy.0 = Release|Any CPU
		{43D7D4AD-B730-41C7-BFC3-37EF5F03AF26}.Release|x86.ActiveCfg = Release|Any CPU
		{43D7D4AD-B730-41C7-BFC3-37EF5F03AF26}.Release|x86.Build.0 = Release|Any CPU
		{43D7D4AD-B730-41C7-BFC3-37EF5F03AF26}.Release|x86.Deploy.0 = Release|Any CPU
		{48E3D171-0863-41F5-8E19-6F60D7B871FF}.Ad-Hoc|Any CPU.ActiveCfg = Ad-Hoc|iPhone
		{48E3D171-0863-41F5-8E19-6F60D7B871FF}.Ad-Hoc|ARM.ActiveCfg = Ad-Hoc|iPhone
		{48E3D171-0863-41F5-8E19-6F60D7B871FF}.Ad-Hoc|iPhone.ActiveCfg = Ad-Hoc|iPhone
		{48E3D171-0863-41F5-8E19-6F60D7B871FF}.Ad-Hoc|iPhone.Build.0 = Ad-Hoc|iPhone
		{48E3D171-0863-41F5-8E19-6F60D7B871FF}.Ad-Hoc|iPhoneSimulator.ActiveCfg = Ad-Hoc|iPhoneSimulator
		{48E3D171-0863-41F5-8E19-6F60D7B871FF}.Ad-Hoc|iPhoneSimulator.Build.0 = Ad-Hoc|iPhoneSimulator
		{48E3D171-0863-41F5-8E19-6F60D7B871FF}.Ad-Hoc|x64.ActiveCfg = Ad-Hoc|iPhone
		{48E3D171-0863-41F5-8E19-6F60D7B871FF}.Ad-Hoc|x86.ActiveCfg = Ad-Hoc|iPhone
		{48E3D171-0863-41F5-8E19-6F60D7B871FF}.AppStore|Any CPU.ActiveCfg = AppStore|iPhone
		{48E3D171-0863-41F5-8E19-6F60D7B871FF}.AppStore|ARM.ActiveCfg = AppStore|iPhone
		{48E3D171-0863-41F5-8E19-6F60D7B871FF}.AppStore|iPhone.ActiveCfg = AppStore|iPhone
		{48E3D171-0863-41F5-8E19-6F60D7B871FF}.AppStore|iPhone.Build.0 = AppStore|iPhone
		{48E3D171-0863-41F5-8E19-6F60D7B871FF}.AppStore|iPhoneSimulator.ActiveCfg = AppStore|iPhoneSimulator
		{48E3D171-0863-41F5-8E19-6F60D7B871FF}.AppStore|iPhoneSimulator.Build.0 = AppStore|iPhoneSimulator
		{48E3D171-0863-41F5-8E19-6F60D7B871FF}.AppStore|x64.ActiveCfg = AppStore|iPhone
		{48E3D171-0863-41F5-8E19-6F60D7B871FF}.AppStore|x86.ActiveCfg = AppStore|iPhone
		{48E3D171-0863-41F5-8E19-6F60D7B871FF}.Debug|Any CPU.ActiveCfg = Debug|iPhone
		{48E3D171-0863-41F5-8E19-6F60D7B871FF}.Debug|ARM.ActiveCfg = Debug|iPhone
		{48E3D171-0863-41F5-8E19-6F60D7B871FF}.Debug|iPhone.ActiveCfg = Debug|iPhone
		{48E3D171-0863-41F5-8E19-6F60D7B871FF}.Debug|iPhone.Build.0 = Debug|iPhone
		{48E3D171-0863-41F5-8E19-6F60D7B871FF}.Debug|iPhoneSimulator.ActiveCfg = Debug|iPhoneSimulator
		{48E3D171-0863-41F5-8E19-6F60D7B871FF}.Debug|iPhoneSimulator.Build.0 = Debug|iPhoneSimulator
		{48E3D171-0863-41F5-8E19-6F60D7B871FF}.Debug|x64.ActiveCfg = Debug|iPhone
		{48E3D171-0863-41F5-8E19-6F60D7B871FF}.Debug|x86.ActiveCfg = Debug|iPhone
		{48E3D171-0863-41F5-8E19-6F60D7B871FF}.Release|Any CPU.ActiveCfg = Release|iPhone
		{48E3D171-0863-41F5-8E19-6F60D7B871FF}.Release|ARM.ActiveCfg = Release|iPhone
		{48E3D171-0863-41F5-8E19-6F60D7B871FF}.Release|iPhone.ActiveCfg = Release|iPhone
		{48E3D171-0863-41F5-8E19-6F60D7B871FF}.Release|iPhone.Build.0 = Release|iPhone
		{48E3D171-0863-41F5-8E19-6F60D7B871FF}.Release|iPhoneSimulator.ActiveCfg = Release|iPhoneSimulator
		{48E3D171-0863-41F5-8E19-6F60D7B871FF}.Release|iPhoneSimulator.Build.0 = Release|iPhoneSimulator
		{48E3D171-0863-41F5-8E19-6F60D7B871FF}.Release|x64.ActiveCfg = Release|iPhone
		{48E3D171-0863-41F5-8E19-6F60D7B871FF}.Release|x86.ActiveCfg = Release|iPhone
		{D437D40C-0207-43BF-9461-BF3DE3FC9154}.Ad-Hoc|Any CPU.ActiveCfg = Release|x64
		{D437D40C-0207-43BF-9461-BF3DE3FC9154}.Ad-Hoc|Any CPU.Build.0 = Release|x64
		{D437D40C-0207-43BF-9461-BF3DE3FC9154}.Ad-Hoc|Any CPU.Deploy.0 = Release|x64
		{D437D40C-0207-43BF-9461-BF3DE3FC9154}.Ad-Hoc|ARM.ActiveCfg = Release|ARM
		{D437D40C-0207-43BF-9461-BF3DE3FC9154}.Ad-Hoc|ARM.Build.0 = Release|ARM
		{D437D40C-0207-43BF-9461-BF3DE3FC9154}.Ad-Hoc|ARM.Deploy.0 = Release|ARM
		{D437D40C-0207-43BF-9461-BF3DE3FC9154}.Ad-Hoc|iPhone.ActiveCfg = Release|x64
		{D437D40C-0207-43BF-9461-BF3DE3FC9154}.Ad-Hoc|iPhone.Build.0 = Release|x64
		{D437D40C-0207-43BF-9461-BF3DE3FC9154}.Ad-Hoc|iPhone.Deploy.0 = Release|x64
		{D437D40C-0207-43BF-9461-BF3DE3FC9154}.Ad-Hoc|iPhoneSimulator.ActiveCfg = Release|x64
		{D437D40C-0207-43BF-9461-BF3DE3FC9154}.Ad-Hoc|iPhoneSimulator.Build.0 = Release|x64
		{D437D40C-0207-43BF-9461-BF3DE3FC9154}.Ad-Hoc|iPhoneSimulator.Deploy.0 = Release|x64
		{D437D40C-0207-43BF-9461-BF3DE3FC9154}.Ad-Hoc|x64.ActiveCfg = Release|x64
		{D437D40C-0207-43BF-9461-BF3DE3FC9154}.Ad-Hoc|x64.Build.0 = Release|x64
		{D437D40C-0207-43BF-9461-BF3DE3FC9154}.Ad-Hoc|x64.Deploy.0 = Release|x64
		{D437D40C-0207-43BF-9461-BF3DE3FC9154}.Ad-Hoc|x86.ActiveCfg = Release|x86
		{D437D40C-0207-43BF-9461-BF3DE3FC9154}.Ad-Hoc|x86.Build.0 = Release|x86
		{D437D40C-0207-43BF-9461-BF3DE3FC9154}.Ad-Hoc|x86.Deploy.0 = Release|x86
		{D437D40C-0207-43BF-9461-BF3DE3FC9154}.AppStore|Any CPU.ActiveCfg = Release|x64
		{D437D40C-0207-43BF-9461-BF3DE3FC9154}.AppStore|Any CPU.Build.0 = Release|x64
		{D437D40C-0207-43BF-9461-BF3DE3FC9154}.AppStore|Any CPU.Deploy.0 = Release|x64
		{D437D40C-0207-43BF-9461-BF3DE3FC9154}.AppStore|ARM.ActiveCfg = Release|ARM
		{D437D40C-0207-43BF-9461-BF3DE3FC9154}.AppStore|ARM.Build.0 = Release|ARM
		{D437D40C-0207-43BF-9461-BF3DE3FC9154}.AppStore|ARM.Deploy.0 = Release|ARM
		{D437D40C-0207-43BF-9461-BF3DE3FC9154}.AppStore|iPhone.ActiveCfg = Release|x64
		{D437D40C-0207-43BF-9461-BF3DE3FC9154}.AppStore|iPhone.Build.0 = Release|x64
		{D437D40C-0207-43BF-9461-BF3DE3FC9154}.AppStore|iPhone.Deploy.0 = Release|x64
		{D437D40C-0207-43BF-9461-BF3DE3FC9154}.AppStore|iPhoneSimulator.ActiveCfg = Release|x64
		{D437D40C-0207-43BF-9461-BF3DE3FC9154}.AppStore|iPhoneSimulator.Build.0 = Release|x64
		{D437D40C-0207-43BF-9461-BF3DE3FC9154}.AppStore|iPhoneSimulator.Deploy.0 = Release|x64
		{D437D40C-0207-43BF-9461-BF3DE3FC9154}.AppStore|x64.ActiveCfg = Release|x64
		{D437D40C-0207-43BF-9461-BF3DE3FC9154}.AppStore|x64.Build.0 = Release|x64
		{D437D40C-0207-43BF-9461-BF3DE3FC9154}.AppStore|x64.Deploy.0 = Release|x64
		{D437D40C-0207-43BF-9461-BF3DE3FC9154}.AppStore|x86.ActiveCfg = Release|x86
		{D437D40C-0207-43BF-9461-BF3DE3FC9154}.AppStore|x86.Build.0 = Release|x86
		{D437D40C-0207-43BF-9461-BF3DE3FC9154}.AppStore|x86.Deploy.0 = Release|x86
		{D437D40C-0207-43BF-9461-BF3DE3FC9154}.Debug|Any CPU.ActiveCfg = Debug|x86
		{D437D40C-0207-43BF-9461-BF3DE3FC9154}.Debug|ARM.ActiveCfg = Debug|ARM
		{D437D40C-0207-43BF-9461-BF3DE3FC9154}.Debug|ARM.Build.0 = Debug|ARM
		{D437D40C-0207-43BF-9461-BF3DE3FC9154}.Debug|ARM.Deploy.0 = Debug|ARM
		{D437D40C-0207-43BF-9461-BF3DE3FC9154}.Debug|iPhone.ActiveCfg = Debug|x86
		{D437D40C-0207-43BF-9461-BF3DE3FC9154}.Debug|iPhoneSimulator.ActiveCfg = Debug|x86
		{D437D40C-0207-43BF-9461-BF3DE3FC9154}.Debug|x64.ActiveCfg = Debug|x64
		{D437D40C-0207-43BF-9461-BF3DE3FC9154}.Debug|x64.Build.0 = Debug|x64
		{D437D40C-0207-43BF-9461-BF3DE3FC9154}.Debug|x64.Deploy.0 = Debug|x64
		{D437D40C-0207-43BF-9461-BF3DE3FC9154}.Debug|x86.ActiveCfg = Debug|x86
		{D437D40C-0207-43BF-9461-BF3DE3FC9154}.Debug|x86.Build.0 = Debug|x86
		{D437D40C-0207-43BF-9461-BF3DE3FC9154}.Debug|x86.Deploy.0 = Debug|x86
		{D437D40C-0207-43BF-9461-BF3DE3FC9154}.Release|Any CPU.ActiveCfg = Release|x86
		{D437D40C-0207-43BF-9461-BF3DE3FC9154}.Release|ARM.ActiveCfg = Release|ARM
		{D437D40C-0207-43BF-9461-BF3DE3FC9154}.Release|ARM.Build.0 = Release|ARM
		{D437D40C-0207-43BF-9461-BF3DE3FC9154}.Release|ARM.Deploy.0 = Release|ARM
		{D437D40C-0207-43BF-9461-BF3DE3FC9154}.Release|iPhone.ActiveCfg = Release|x86
		{D437D40C-0207-43BF-9461-BF3DE3FC9154}.Release|iPhoneSimulator.ActiveCfg = Release|x86
		{D437D40C-0207-43BF-9461-BF3DE3FC9154}.Release|x64.ActiveCfg = Release|x64
		{D437D40C-0207-43BF-9461-BF3DE3FC9154}.Release|x64.Build.0 = Release|x64
		{D437D40C-0207-43BF-9461-BF3DE3FC9154}.Release|x64.Deploy.0 = Release|x64
		{D437D40C-0207-43BF-9461-BF3DE3FC9154}.Release|x86.ActiveCfg = Release|x86
		{D437D40C-0207-43BF-9461-BF3DE3FC9154}.Release|x86.Build.0 = Release|x86
		{D437D40C-0207-43BF-9461-BF3DE3FC9154}.Release|x86.Deploy.0 = Release|x86
		{41F2B181-23FD-4B84-967E-7AC0E2ACDE5A}.Ad-Hoc|Any CPU.ActiveCfg = Release|Any CPU
		{41F2B181-23FD-4B84-967E-7AC0E2ACDE5A}.Ad-Hoc|Any CPU.Build.0 = Release|Any CPU
		{41F2B181-23FD-4B84-967E-7AC0E2ACDE5A}.Ad-Hoc|ARM.ActiveCfg = Release|Any CPU
		{41F2B181-23FD-4B84-967E-7AC0E2ACDE5A}.Ad-Hoc|ARM.Build.0 = Release|Any CPU
		{41F2B181-23FD-4B84-967E-7AC0E2ACDE5A}.Ad-Hoc|iPhone.ActiveCfg = Release|Any CPU
		{41F2B181-23FD-4B84-967E-7AC0E2ACDE5A}.Ad-Hoc|iPhone.Build.0 = Release|Any CPU
		{41F2B181-23FD-4B84-967E-7AC0E2ACDE5A}.Ad-Hoc|iPhoneSimulator.ActiveCfg = Release|Any CPU
		{41F2B181-23FD-4B84-967E-7AC0E2ACDE5A}.Ad-Hoc|iPhoneSimulator.Build.0 = Release|Any CPU
		{41F2B181-23FD-4B84-967E-7AC0E2ACDE5A}.Ad-Hoc|x64.ActiveCfg = Release|Any CPU
		{41F2B181-23FD-4B84-967E-7AC0E2ACDE5A}.Ad-Hoc|x64.Build.0 = Release|Any CPU
		{41F2B181-23FD-4B84-967E-7AC0E2ACDE5A}.Ad-Hoc|x86.ActiveCfg = Release|Any CPU
		{41F2B181-23FD-4B84-967E-7AC0E2ACDE5A}.Ad-Hoc|x86.Build.0 = Release|Any CPU
		{41F2B181-23FD-4B84-967E-7AC0E2ACDE5A}.AppStore|Any CPU.ActiveCfg = Release|Any CPU
		{41F2B181-23FD-4B84-967E-7AC0E2ACDE5A}.AppStore|Any CPU.Build.0 = Release|Any CPU
		{41F2B181-23FD-4B84-967E-7AC0E2ACDE5A}.AppStore|ARM.ActiveCfg = Release|Any CPU
		{41F2B181-23FD-4B84-967E-7AC0E2ACDE5A}.AppStore|ARM.Build.0 = Release|Any CPU
		{41F2B181-23FD-4B84-967E-7AC0E2ACDE5A}.AppStore|iPhone.ActiveCfg = Release|Any CPU
		{41F2B181-23FD-4B84-967E-7AC0E2ACDE5A}.AppStore|iPhone.Build.0 = Release|Any CPU
		{41F2B181-23FD-4B84-967E-7AC0E2ACDE5A}.AppStore|iPhoneSimulator.ActiveCfg = Release|Any CPU
		{41F2B181-23FD-4B84-967E-7AC0E2ACDE5A}.AppStore|iPhoneSimulator.Build.0 = Release|Any CPU
		{41F2B181-23FD-4B84-967E-7AC0E2ACDE5A}.AppStore|x64.ActiveCfg = Release|Any CPU
		{41F2B181-23FD-4B84-967E-7AC0E2ACDE5A}.AppStore|x64.Build.0 = Release|Any CPU
		{41F2B181-23FD-4B84-967E-7AC0E2ACDE5A}.AppStore|x86.ActiveCfg = Release|Any CPU
		{41F2B181-23FD-4B84-967E-7AC0E2ACDE5A}.AppStore|x86.Build.0 = Release|Any CPU
		{41F2B181-23FD-4B84-967E-7AC0E2ACDE5A}.Debug|Any CPU.ActiveCfg = Debug|Any CPU
		{41F2B181-23FD-4B84-967E-7AC0E2ACDE5A}.Debug|Any CPU.Build.0 = Debug|Any CPU
		{41F2B181-23FD-4B84-967E-7AC0E2ACDE5A}.Debug|ARM.ActiveCfg = Debug|Any CPU
		{41F2B181-23FD-4B84-967E-7AC0E2ACDE5A}.Debug|ARM.Build.0 = Debug|Any CPU
		{41F2B181-23FD-4B84-967E-7AC0E2ACDE5A}.Debug|iPhone.ActiveCfg = Debug|Any CPU
		{41F2B181-23FD-4B84-967E-7AC0E2ACDE5A}.Debug|iPhone.Build.0 = Debug|Any CPU
		{41F2B181-23FD-4B84-967E-7AC0E2ACDE5A}.Debug|iPhoneSimulator.ActiveCfg = Debug|Any CPU
		{41F2B181-23FD-4B84-967E-7AC0E2ACDE5A}.Debug|iPhoneSimulator.Build.0 = Debug|Any CPU
		{41F2B181-23FD-4B84-967E-7AC0E2ACDE5A}.Debug|x64.ActiveCfg = Debug|Any CPU
		{41F2B181-23FD-4B84-967E-7AC0E2ACDE5A}.Debug|x64.Build.0 = Debug|Any CPU
		{41F2B181-23FD-4B84-967E-7AC0E2ACDE5A}.Debug|x86.ActiveCfg = Debug|Any CPU
		{41F2B181-23FD-4B84-967E-7AC0E2ACDE5A}.Debug|x86.Build.0 = Debug|Any CPU
		{41F2B181-23FD-4B84-967E-7AC0E2ACDE5A}.Release|Any CPU.ActiveCfg = Release|Any CPU
		{41F2B181-23FD-4B84-967E-7AC0E2ACDE5A}.Release|Any CPU.Build.0 = Release|Any CPU
		{41F2B181-23FD-4B84-967E-7AC0E2ACDE5A}.Release|ARM.ActiveCfg = Release|Any CPU
		{41F2B181-23FD-4B84-967E-7AC0E2ACDE5A}.Release|ARM.Build.0 = Release|Any CPU
		{41F2B181-23FD-4B84-967E-7AC0E2ACDE5A}.Release|iPhone.ActiveCfg = Release|Any CPU
		{41F2B181-23FD-4B84-967E-7AC0E2ACDE5A}.Release|iPhone.Build.0 = Release|Any CPU
		{41F2B181-23FD-4B84-967E-7AC0E2ACDE5A}.Release|iPhoneSimulator.ActiveCfg = Release|Any CPU
		{41F2B181-23FD-4B84-967E-7AC0E2ACDE5A}.Release|iPhoneSimulator.Build.0 = Release|Any CPU
		{41F2B181-23FD-4B84-967E-7AC0E2ACDE5A}.Release|x64.ActiveCfg = Release|Any CPU
		{41F2B181-23FD-4B84-967E-7AC0E2ACDE5A}.Release|x64.Build.0 = Release|Any CPU
		{41F2B181-23FD-4B84-967E-7AC0E2ACDE5A}.Release|x86.ActiveCfg = Release|Any CPU
		{41F2B181-23FD-4B84-967E-7AC0E2ACDE5A}.Release|x86.Build.0 = Release|Any CPU
		{F52225DF-DBBB-4D33-B7EE-6BD79F743D4C}.Ad-Hoc|Any CPU.ActiveCfg = Release|Any CPU
		{F52225DF-DBBB-4D33-B7EE-6BD79F743D4C}.Ad-Hoc|Any CPU.Build.0 = Release|Any CPU
		{F52225DF-DBBB-4D33-B7EE-6BD79F743D4C}.Ad-Hoc|ARM.ActiveCfg = Release|Any CPU
		{F52225DF-DBBB-4D33-B7EE-6BD79F743D4C}.Ad-Hoc|ARM.Build.0 = Release|Any CPU
		{F52225DF-DBBB-4D33-B7EE-6BD79F743D4C}.Ad-Hoc|iPhone.ActiveCfg = Release|Any CPU
		{F52225DF-DBBB-4D33-B7EE-6BD79F743D4C}.Ad-Hoc|iPhone.Build.0 = Release|Any CPU
		{F52225DF-DBBB-4D33-B7EE-6BD79F743D4C}.Ad-Hoc|iPhoneSimulator.ActiveCfg = Release|Any CPU
		{F52225DF-DBBB-4D33-B7EE-6BD79F743D4C}.Ad-Hoc|iPhoneSimulator.Build.0 = Release|Any CPU
		{F52225DF-DBBB-4D33-B7EE-6BD79F743D4C}.Ad-Hoc|x64.ActiveCfg = Release|Any CPU
		{F52225DF-DBBB-4D33-B7EE-6BD79F743D4C}.Ad-Hoc|x64.Build.0 = Release|Any CPU
		{F52225DF-DBBB-4D33-B7EE-6BD79F743D4C}.Ad-Hoc|x86.ActiveCfg = Release|Any CPU
		{F52225DF-DBBB-4D33-B7EE-6BD79F743D4C}.Ad-Hoc|x86.Build.0 = Release|Any CPU
		{F52225DF-DBBB-4D33-B7EE-6BD79F743D4C}.AppStore|Any CPU.ActiveCfg = Release|Any CPU
		{F52225DF-DBBB-4D33-B7EE-6BD79F743D4C}.AppStore|Any CPU.Build.0 = Release|Any CPU
		{F52225DF-DBBB-4D33-B7EE-6BD79F743D4C}.AppStore|ARM.ActiveCfg = Release|Any CPU
		{F52225DF-DBBB-4D33-B7EE-6BD79F743D4C}.AppStore|ARM.Build.0 = Release|Any CPU
		{F52225DF-DBBB-4D33-B7EE-6BD79F743D4C}.AppStore|iPhone.ActiveCfg = Release|Any CPU
		{F52225DF-DBBB-4D33-B7EE-6BD79F743D4C}.AppStore|iPhone.Build.0 = Release|Any CPU
		{F52225DF-DBBB-4D33-B7EE-6BD79F743D4C}.AppStore|iPhoneSimulator.ActiveCfg = Release|Any CPU
		{F52225DF-DBBB-4D33-B7EE-6BD79F743D4C}.AppStore|iPhoneSimulator.Build.0 = Release|Any CPU
		{F52225DF-DBBB-4D33-B7EE-6BD79F743D4C}.AppStore|x64.ActiveCfg = Release|Any CPU
		{F52225DF-DBBB-4D33-B7EE-6BD79F743D4C}.AppStore|x64.Build.0 = Release|Any CPU
		{F52225DF-DBBB-4D33-B7EE-6BD79F743D4C}.AppStore|x86.ActiveCfg = Release|Any CPU
		{F52225DF-DBBB-4D33-B7EE-6BD79F743D4C}.AppStore|x86.Build.0 = Release|Any CPU
		{F52225DF-DBBB-4D33-B7EE-6BD79F743D4C}.Debug|Any CPU.ActiveCfg = Debug|Any CPU
		{F52225DF-DBBB-4D33-B7EE-6BD79F743D4C}.Debug|Any CPU.Build.0 = Debug|Any CPU
		{F52225DF-DBBB-4D33-B7EE-6BD79F743D4C}.Debug|ARM.ActiveCfg = Debug|Any CPU
		{F52225DF-DBBB-4D33-B7EE-6BD79F743D4C}.Debug|ARM.Build.0 = Debug|Any CPU
		{F52225DF-DBBB-4D33-B7EE-6BD79F743D4C}.Debug|iPhone.ActiveCfg = Debug|Any CPU
		{F52225DF-DBBB-4D33-B7EE-6BD79F743D4C}.Debug|iPhone.Build.0 = Debug|Any CPU
		{F52225DF-DBBB-4D33-B7EE-6BD79F743D4C}.Debug|iPhoneSimulator.ActiveCfg = Debug|Any CPU
		{F52225DF-DBBB-4D33-B7EE-6BD79F743D4C}.Debug|iPhoneSimulator.Build.0 = Debug|Any CPU
		{F52225DF-DBBB-4D33-B7EE-6BD79F743D4C}.Debug|x64.ActiveCfg = Debug|Any CPU
		{F52225DF-DBBB-4D33-B7EE-6BD79F743D4C}.Debug|x64.Build.0 = Debug|Any CPU
		{F52225DF-DBBB-4D33-B7EE-6BD79F743D4C}.Debug|x86.ActiveCfg = Debug|Any CPU
		{F52225DF-DBBB-4D33-B7EE-6BD79F743D4C}.Debug|x86.Build.0 = Debug|Any CPU
		{F52225DF-DBBB-4D33-B7EE-6BD79F743D4C}.Release|Any CPU.ActiveCfg = Release|Any CPU
		{F52225DF-DBBB-4D33-B7EE-6BD79F743D4C}.Release|Any CPU.Build.0 = Release|Any CPU
		{F52225DF-DBBB-4D33-B7EE-6BD79F743D4C}.Release|ARM.ActiveCfg = Release|Any CPU
		{F52225DF-DBBB-4D33-B7EE-6BD79F743D4C}.Release|ARM.Build.0 = Release|Any CPU
		{F52225DF-DBBB-4D33-B7EE-6BD79F743D4C}.Release|iPhone.ActiveCfg = Release|Any CPU
		{F52225DF-DBBB-4D33-B7EE-6BD79F743D4C}.Release|iPhone.Build.0 = Release|Any CPU
		{F52225DF-DBBB-4D33-B7EE-6BD79F743D4C}.Release|iPhoneSimulator.ActiveCfg = Release|Any CPU
		{F52225DF-DBBB-4D33-B7EE-6BD79F743D4C}.Release|iPhoneSimulator.Build.0 = Release|Any CPU
		{F52225DF-DBBB-4D33-B7EE-6BD79F743D4C}.Release|x64.ActiveCfg = Release|Any CPU
		{F52225DF-DBBB-4D33-B7EE-6BD79F743D4C}.Release|x64.Build.0 = Release|Any CPU
		{F52225DF-DBBB-4D33-B7EE-6BD79F743D4C}.Release|x86.ActiveCfg = Release|Any CPU
		{F52225DF-DBBB-4D33-B7EE-6BD79F743D4C}.Release|x86.Build.0 = Release|Any CPU
		{41E7110A-4EC2-4E0F-90AB-1EFACA852844}.Ad-Hoc|Any CPU.ActiveCfg = Release|Any CPU
		{41E7110A-4EC2-4E0F-90AB-1EFACA852844}.Ad-Hoc|Any CPU.Build.0 = Release|Any CPU
		{41E7110A-4EC2-4E0F-90AB-1EFACA852844}.Ad-Hoc|ARM.ActiveCfg = Release|Any CPU
		{41E7110A-4EC2-4E0F-90AB-1EFACA852844}.Ad-Hoc|ARM.Build.0 = Release|Any CPU
		{41E7110A-4EC2-4E0F-90AB-1EFACA852844}.Ad-Hoc|iPhone.ActiveCfg = Release|Any CPU
		{41E7110A-4EC2-4E0F-90AB-1EFACA852844}.Ad-Hoc|iPhone.Build.0 = Release|Any CPU
		{41E7110A-4EC2-4E0F-90AB-1EFACA852844}.Ad-Hoc|iPhoneSimulator.ActiveCfg = Release|Any CPU
		{41E7110A-4EC2-4E0F-90AB-1EFACA852844}.Ad-Hoc|iPhoneSimulator.Build.0 = Release|Any CPU
		{41E7110A-4EC2-4E0F-90AB-1EFACA852844}.Ad-Hoc|x64.ActiveCfg = Release|Any CPU
		{41E7110A-4EC2-4E0F-90AB-1EFACA852844}.Ad-Hoc|x64.Build.0 = Release|Any CPU
		{41E7110A-4EC2-4E0F-90AB-1EFACA852844}.Ad-Hoc|x86.ActiveCfg = Release|Any CPU
		{41E7110A-4EC2-4E0F-90AB-1EFACA852844}.Ad-Hoc|x86.Build.0 = Release|Any CPU
		{41E7110A-4EC2-4E0F-90AB-1EFACA852844}.AppStore|Any CPU.ActiveCfg = Release|Any CPU
		{41E7110A-4EC2-4E0F-90AB-1EFACA852844}.AppStore|Any CPU.Build.0 = Release|Any CPU
		{41E7110A-4EC2-4E0F-90AB-1EFACA852844}.AppStore|ARM.ActiveCfg = Release|Any CPU
		{41E7110A-4EC2-4E0F-90AB-1EFACA852844}.AppStore|ARM.Build.0 = Release|Any CPU
		{41E7110A-4EC2-4E0F-90AB-1EFACA852844}.AppStore|iPhone.ActiveCfg = Release|Any CPU
		{41E7110A-4EC2-4E0F-90AB-1EFACA852844}.AppStore|iPhone.Build.0 = Release|Any CPU
		{41E7110A-4EC2-4E0F-90AB-1EFACA852844}.AppStore|iPhoneSimulator.ActiveCfg = Release|Any CPU
		{41E7110A-4EC2-4E0F-90AB-1EFACA852844}.AppStore|iPhoneSimulator.Build.0 = Release|Any CPU
		{41E7110A-4EC2-4E0F-90AB-1EFACA852844}.AppStore|x64.ActiveCfg = Release|Any CPU
		{41E7110A-4EC2-4E0F-90AB-1EFACA852844}.AppStore|x64.Build.0 = Release|Any CPU
		{41E7110A-4EC2-4E0F-90AB-1EFACA852844}.AppStore|x86.ActiveCfg = Release|Any CPU
		{41E7110A-4EC2-4E0F-90AB-1EFACA852844}.AppStore|x86.Build.0 = Release|Any CPU
		{41E7110A-4EC2-4E0F-90AB-1EFACA852844}.Debug|Any CPU.ActiveCfg = Debug|Any CPU
		{41E7110A-4EC2-4E0F-90AB-1EFACA852844}.Debug|Any CPU.Build.0 = Debug|Any CPU
		{41E7110A-4EC2-4E0F-90AB-1EFACA852844}.Debug|ARM.ActiveCfg = Debug|Any CPU
		{41E7110A-4EC2-4E0F-90AB-1EFACA852844}.Debug|ARM.Build.0 = Debug|Any CPU
		{41E7110A-4EC2-4E0F-90AB-1EFACA852844}.Debug|iPhone.ActiveCfg = Debug|Any CPU
		{41E7110A-4EC2-4E0F-90AB-1EFACA852844}.Debug|iPhone.Build.0 = Debug|Any CPU
		{41E7110A-4EC2-4E0F-90AB-1EFACA852844}.Debug|iPhoneSimulator.ActiveCfg = Debug|Any CPU
		{41E7110A-4EC2-4E0F-90AB-1EFACA852844}.Debug|iPhoneSimulator.Build.0 = Debug|Any CPU
		{41E7110A-4EC2-4E0F-90AB-1EFACA852844}.Debug|x64.ActiveCfg = Debug|Any CPU
		{41E7110A-4EC2-4E0F-90AB-1EFACA852844}.Debug|x64.Build.0 = Debug|Any CPU
		{41E7110A-4EC2-4E0F-90AB-1EFACA852844}.Debug|x86.ActiveCfg = Debug|Any CPU
		{41E7110A-4EC2-4E0F-90AB-1EFACA852844}.Debug|x86.Build.0 = Debug|Any CPU
		{41E7110A-4EC2-4E0F-90AB-1EFACA852844}.Release|Any CPU.ActiveCfg = Release|Any CPU
		{41E7110A-4EC2-4E0F-90AB-1EFACA852844}.Release|Any CPU.Build.0 = Release|Any CPU
		{41E7110A-4EC2-4E0F-90AB-1EFACA852844}.Release|ARM.ActiveCfg = Release|Any CPU
		{41E7110A-4EC2-4E0F-90AB-1EFACA852844}.Release|ARM.Build.0 = Release|Any CPU
		{41E7110A-4EC2-4E0F-90AB-1EFACA852844}.Release|iPhone.ActiveCfg = Release|Any CPU
		{41E7110A-4EC2-4E0F-90AB-1EFACA852844}.Release|iPhone.Build.0 = Release|Any CPU
		{41E7110A-4EC2-4E0F-90AB-1EFACA852844}.Release|iPhoneSimulator.ActiveCfg = Release|Any CPU
		{41E7110A-4EC2-4E0F-90AB-1EFACA852844}.Release|iPhoneSimulator.Build.0 = Release|Any CPU
		{41E7110A-4EC2-4E0F-90AB-1EFACA852844}.Release|x64.ActiveCfg = Release|Any CPU
		{41E7110A-4EC2-4E0F-90AB-1EFACA852844}.Release|x64.Build.0 = Release|Any CPU
		{41E7110A-4EC2-4E0F-90AB-1EFACA852844}.Release|x86.ActiveCfg = Release|Any CPU
		{41E7110A-4EC2-4E0F-90AB-1EFACA852844}.Release|x86.Build.0 = Release|Any CPU
	EndGlobalSection
	GlobalSection(SolutionProperties) = preSolution
		HideSolutionNode = FALSE
	EndGlobalSection
	GlobalSection(NestedProjects) = preSolution
		{AC0553F2-AF1E-49D3-AB59-1D75CC2A244E} = {444557E5-6679-47FD-950D-7239BF803847}
		{43D7D4AD-B730-41C7-BFC3-37EF5F03AF26} = {444557E5-6679-47FD-950D-7239BF803847}
		{48E3D171-0863-41F5-8E19-6F60D7B871FF} = {444557E5-6679-47FD-950D-7239BF803847}
		{D437D40C-0207-43BF-9461-BF3DE3FC9154} = {444557E5-6679-47FD-950D-7239BF803847}
		{41F2B181-23FD-4B84-967E-7AC0E2ACDE5A} = {AD9F3CE7-FDD4-4EA0-AE19-E176BFBDA9BD}
		{F52225DF-DBBB-4D33-B7EE-6BD79F743D4C} = {AD9F3CE7-FDD4-4EA0-AE19-E176BFBDA9BD}
		{41E7110A-4EC2-4E0F-90AB-1EFACA852844} = {444557E5-6679-47FD-950D-7239BF803847}
	EndGlobalSection
	GlobalSection(ExtensibilityGlobals) = postSolution
		SolutionGuid = {338FB5FD-A718-4F1A-926B-BA91639222D6}
	EndGlobalSection
EndGlobal
